// !$*UTF8*$!
{
	archiveVersion = 1;
	classes = {
	};
	objectVersion = 46;
	objects = {

/* Begin PBXBuildFile section */
		FC7B9EAB22B97DB40012D8D6 /* HSCameraManager.swift in Sources */ = {isa = PBXBuildFile; fileRef = FC7B9EAA22B97DB40012D8D6 /* HSCameraManager.swift */; };
		FC7B9EAD22B97EB90012D8D6 /* HSCameraManagerDelegate.swift in Sources */ = {isa = PBXBuildFile; fileRef = FC7B9EAC22B97EB90012D8D6 /* HSCameraManagerDelegate.swift */; };
		FC7B9EAF22B97EED0012D8D6 /* HSCameraSetupResult.swift in Sources */ = {isa = PBXBuildFile; fileRef = FC7B9EAE22B97EED0012D8D6 /* HSCameraSetupResult.swift */; };
		FC7B9EB222B980F60012D8D6 /* permissionsUtils.swift in Sources */ = {isa = PBXBuildFile; fileRef = FC7B9EB122B980F60012D8D6 /* permissionsUtils.swift */; };
		FC845E1622B98A3D00522016 /* cameraUtils.swift in Sources */ = {isa = PBXBuildFile; fileRef = FC845E1522B98A3D00522016 /* cameraUtils.swift */; };
		FC845E1822B98D6300522016 /* HSCameraPreviewView.swift in Sources */ = {isa = PBXBuildFile; fileRef = FC845E1722B98D6300522016 /* HSCameraPreviewView.swift */; };
		FC845E1A22B98E5600522016 /* HSCameraPreviewViewManager.m in Sources */ = {isa = PBXBuildFile; fileRef = FC845E1922B98E5600522016 /* HSCameraPreviewViewManager.m */; };
		FC845E1E22B992B200522016 /* HSCameraManagerBridgeModule.m in Sources */ = {isa = PBXBuildFile; fileRef = FC845E1D22B992B200522016 /* HSCameraManagerBridgeModule.m */; };
/* End PBXBuildFile section */

/* Begin PBXCopyFilesBuildPhase section */
		58B511D91A9E6C8500147676 /* CopyFiles */ = {
			isa = PBXCopyFilesBuildPhase;
			buildActionMask = 2147483647;
			dstPath = "include/$(PRODUCT_NAME)";
			dstSubfolderSpec = 16;
			files = (
			);
			runOnlyForDeploymentPostprocessing = 0;
		};
/* End PBXCopyFilesBuildPhase section */

/* Begin PBXFileReference section */
		134814201AA4EA6300B7C361 /* libHSReactNativeCamera.a */ = {isa = PBXFileReference; explicitFileType = archive.ar; includeInIndex = 0; path = libHSReactNativeCamera.a; sourceTree = BUILT_PRODUCTS_DIR; };
		FC7B9EAA22B97DB40012D8D6 /* HSCameraManager.swift */ = {isa = PBXFileReference; indentWidth = 2; lastKnownFileType = sourcecode.swift; path = HSCameraManager.swift; sourceTree = "<group>"; tabWidth = 2; };
		FC7B9EAC22B97EB90012D8D6 /* HSCameraManagerDelegate.swift */ = {isa = PBXFileReference; lastKnownFileType = sourcecode.swift; path = HSCameraManagerDelegate.swift; sourceTree = "<group>"; };
		FC7B9EAE22B97EED0012D8D6 /* HSCameraSetupResult.swift */ = {isa = PBXFileReference; lastKnownFileType = sourcecode.swift; path = HSCameraSetupResult.swift; sourceTree = "<group>"; };
		FC7B9EB122B980F60012D8D6 /* permissionsUtils.swift */ = {isa = PBXFileReference; indentWidth = 2; lastKnownFileType = sourcecode.swift; path = permissionsUtils.swift; sourceTree = "<group>"; tabWidth = 2; };
		FC845E1522B98A3D00522016 /* cameraUtils.swift */ = {isa = PBXFileReference; lastKnownFileType = sourcecode.swift; path = cameraUtils.swift; sourceTree = "<group>"; };
		FC845E1722B98D6300522016 /* HSCameraPreviewView.swift */ = {isa = PBXFileReference; lastKnownFileType = sourcecode.swift; path = HSCameraPreviewView.swift; sourceTree = "<group>"; };
		FC845E1922B98E5600522016 /* HSCameraPreviewViewManager.m */ = {isa = PBXFileReference; lastKnownFileType = sourcecode.c.objc; path = HSCameraPreviewViewManager.m; sourceTree = "<group>"; };
		FC845E1B22B98E5F00522016 /* HSCameraPreviewViewManager.h */ = {isa = PBXFileReference; lastKnownFileType = sourcecode.c.h; path = HSCameraPreviewViewManager.h; sourceTree = "<group>"; };
		FC845E1D22B992B200522016 /* HSCameraManagerBridgeModule.m */ = {isa = PBXFileReference; lastKnownFileType = sourcecode.c.objc; path = HSCameraManagerBridgeModule.m; sourceTree = "<group>"; };
		FC845E1F22B992BB00522016 /* HSCameraManagerBridgeModule.h */ = {isa = PBXFileReference; lastKnownFileType = sourcecode.c.h; path = HSCameraManagerBridgeModule.h; sourceTree = "<group>"; };
		FCFC983A22AC7CD20089D452 /* HSReactNativeCamera-Bridging-Header.h */ = {isa = PBXFileReference; fileEncoding = 4; lastKnownFileType = sourcecode.c.h; path = "HSReactNativeCamera-Bridging-Header.h"; sourceTree = "<group>"; };
/* End PBXFileReference section */

/* Begin PBXFrameworksBuildPhase section */
		58B511D81A9E6C8500147676 /* Frameworks */ = {
			isa = PBXFrameworksBuildPhase;
			buildActionMask = 2147483647;
			files = (
			);
			runOnlyForDeploymentPostprocessing = 0;
		};
/* End PBXFrameworksBuildPhase section */

/* Begin PBXGroup section */
		134814211AA4EA7D00B7C361 /* Products */ = {
			isa = PBXGroup;
			children = (
				134814201AA4EA6300B7C361 /* libHSReactNativeCamera.a */,
			);
			name = Products;
			sourceTree = "<group>";
		};
		58B511D21A9E6C8500147676 = {
			isa = PBXGroup;
			children = (
				FCFC983A22AC7CD20089D452 /* HSReactNativeCamera-Bridging-Header.h */,
				FCDAC44F22AE01A6004A36E7 /* Source */,
				134814211AA4EA7D00B7C361 /* Products */,
			);
			sourceTree = "<group>";
		};
		FC73F2F522B02C20009B6D9F /* views */ = {
			isa = PBXGroup;
			children = (
				FC845E1C22B98F2100522016 /* HSCameraPreviewView */,
			);
			path = views;
			sourceTree = "<group>";
		};
		FC73F2F622B02D56009B6D9F /* modules */ = {
			isa = PBXGroup;
			children = (
				FC7B9EB022B97EF40012D8D6 /* HSCameraManager */,
			);
			path = modules;
			sourceTree = "<group>";
		};
		FC7B9EB022B97EF40012D8D6 /* HSCameraManager */ = {
			isa = PBXGroup;
			children = (
				FC7B9EAA22B97DB40012D8D6 /* HSCameraManager.swift */,
				FC7B9EAC22B97EB90012D8D6 /* HSCameraManagerDelegate.swift */,
				FC7B9EAE22B97EED0012D8D6 /* HSCameraSetupResult.swift */,
				FC845E1D22B992B200522016 /* HSCameraManagerBridgeModule.m */,
				FC845E1F22B992BB00522016 /* HSCameraManagerBridgeModule.h */,
			);
			path = HSCameraManager;
			sourceTree = "<group>";
		};
		FC845E1C22B98F2100522016 /* HSCameraPreviewView */ = {
			isa = PBXGroup;
			children = (
				FC845E1722B98D6300522016 /* HSCameraPreviewView.swift */,
				FC845E1B22B98E5F00522016 /* HSCameraPreviewViewManager.h */,
				FC845E1922B98E5600522016 /* HSCameraPreviewViewManager.m */,
			);
			path = HSCameraPreviewView;
			sourceTree = "<group>";
		};
		FCA0A4C122ACC92700A93C32 /* utils */ = {
			isa = PBXGroup;
			children = (
				FC7B9EB122B980F60012D8D6 /* permissionsUtils.swift */,
				FC845E1522B98A3D00522016 /* cameraUtils.swift */,
			);
			path = utils;
			sourceTree = "<group>";
		};
		FCDAC44F22AE01A6004A36E7 /* Source */ = {
			isa = PBXGroup;
			children = (
				FC73F2F622B02D56009B6D9F /* modules */,
				FC73F2F522B02C20009B6D9F /* views */,
				FCA0A4C122ACC92700A93C32 /* utils */,
			);
			path = Source;
			sourceTree = "<group>";
		};
/* End PBXGroup section */

/* Begin PBXNativeTarget section */
		58B511DA1A9E6C8500147676 /* HSReactNativeCamera */ = {
			isa = PBXNativeTarget;
			buildConfigurationList = 58B511EF1A9E6C8500147676 /* Build configuration list for PBXNativeTarget "HSReactNativeCamera" */;
			buildPhases = (
				58B511D71A9E6C8500147676 /* Sources */,
				58B511D81A9E6C8500147676 /* Frameworks */,
				58B511D91A9E6C8500147676 /* CopyFiles */,
			);
			buildRules = (
			);
			dependencies = (
			);
			name = HSReactNativeCamera;
			productName = RCTDataManager;
			productReference = 134814201AA4EA6300B7C361 /* libHSReactNativeCamera.a */;
			productType = "com.apple.product-type.library.static";
		};
/* End PBXNativeTarget section */

/* Begin PBXProject section */
		58B511D31A9E6C8500147676 /* Project object */ = {
			isa = PBXProject;
			attributes = {
				LastUpgradeCheck = 0830;
				ORGANIZATIONNAME = Facebook;
				TargetAttributes = {
					58B511DA1A9E6C8500147676 = {
						CreatedOnToolsVersion = 6.1.1;
						LastSwiftMigration = 1020;
					};
				};
			};
			buildConfigurationList = 58B511D61A9E6C8500147676 /* Build configuration list for PBXProject "HSReactNativeCamera" */;
			compatibilityVersion = "Xcode 3.2";
			developmentRegion = English;
			hasScannedForEncodings = 0;
			knownRegions = (
				English,
				en,
			);
			mainGroup = 58B511D21A9E6C8500147676;
			productRefGroup = 58B511D21A9E6C8500147676;
			projectDirPath = "";
			projectRoot = "";
			targets = (
				58B511DA1A9E6C8500147676 /* HSReactNativeCamera */,
			);
		};
/* End PBXProject section */

/* Begin PBXSourcesBuildPhase section */
		58B511D71A9E6C8500147676 /* Sources */ = {
			isa = PBXSourcesBuildPhase;
			buildActionMask = 2147483647;
			files = (
				FC7B9EAD22B97EB90012D8D6 /* HSCameraManagerDelegate.swift in Sources */,
				FC7B9EAF22B97EED0012D8D6 /* HSCameraSetupResult.swift in Sources */,
				FC845E1E22B992B200522016 /* HSCameraManagerBridgeModule.m in Sources */,
				FC845E1622B98A3D00522016 /* cameraUtils.swift in Sources */,
				FC845E1A22B98E5600522016 /* HSCameraPreviewViewManager.m in Sources */,
				FC7B9EB222B980F60012D8D6 /* permissionsUtils.swift in Sources */,
				FC7B9EAB22B97DB40012D8D6 /* HSCameraManager.swift in Sources */,
				FC845E1822B98D6300522016 /* HSCameraPreviewView.swift in Sources */,
			);
			runOnlyForDeploymentPostprocessing = 0;
		};
/* End PBXSourcesBuildPhase section */

/* Begin XCBuildConfiguration section */
		58B511ED1A9E6C8500147676 /* Debug */ = {
			isa = XCBuildConfiguration;
			buildSettings = {
				ALWAYS_EMBED_SWIFT_STANDARD_LIBRARIES = YES;
				ALWAYS_SEARCH_USER_PATHS = NO;
				CLANG_CXX_LANGUAGE_STANDARD = "gnu++0x";
				CLANG_CXX_LIBRARY = "libc++";
				CLANG_ENABLE_MODULES = YES;
				CLANG_ENABLE_OBJC_ARC = YES;
				CLANG_WARN_BOOL_CONVERSION = YES;
				CLANG_WARN_CONSTANT_CONVERSION = YES;
				CLANG_WARN_DIRECT_OBJC_ISA_USAGE = YES_ERROR;
				CLANG_WARN_EMPTY_BODY = YES;
				CLANG_WARN_ENUM_CONVERSION = YES;
				CLANG_WARN_INFINITE_RECURSION = YES;
				CLANG_WARN_INT_CONVERSION = YES;
				CLANG_WARN_OBJC_ROOT_CLASS = YES_ERROR;
				CLANG_WARN_SUSPICIOUS_MOVE = YES;
				CLANG_WARN_UNREACHABLE_CODE = YES;
				CLANG_WARN__DUPLICATE_METHOD_MATCH = YES;
				COPY_PHASE_STRIP = NO;
				ENABLE_STRICT_OBJC_MSGSEND = YES;
				ENABLE_TESTABILITY = YES;
				GCC_C_LANGUAGE_STANDARD = gnu99;
				GCC_DYNAMIC_NO_PIC = NO;
				GCC_NO_COMMON_BLOCKS = YES;
				GCC_OPTIMIZATION_LEVEL = 0;
				GCC_PREPROCESSOR_DEFINITIONS = (
					"DEBUG=1",
					"$(inherited)",
				);
				GCC_SYMBOLS_PRIVATE_EXTERN = NO;
				GCC_WARN_64_TO_32_BIT_CONVERSION = YES;
				GCC_WARN_ABOUT_RETURN_TYPE = YES_ERROR;
				GCC_WARN_UNDECLARED_SELECTOR = YES;
				GCC_WARN_UNINITIALIZED_AUTOS = YES_AGGRESSIVE;
				GCC_WARN_UNUSED_FUNCTION = YES;
				GCC_WARN_UNUSED_VARIABLE = YES;
				IPHONEOS_DEPLOYMENT_TARGET = 8.0;
				MTL_ENABLE_DEBUG_INFO = YES;
				ONLY_ACTIVE_ARCH = YES;
				SDKROOT = iphoneos;
			};
			name = Debug;
		};
		58B511EE1A9E6C8500147676 /* Release */ = {
			isa = XCBuildConfiguration;
			buildSettings = {
				ALWAYS_EMBED_SWIFT_STANDARD_LIBRARIES = YES;
				ALWAYS_SEARCH_USER_PATHS = NO;
				CLANG_CXX_LANGUAGE_STANDARD = "gnu++0x";
				CLANG_CXX_LIBRARY = "libc++";
				CLANG_ENABLE_MODULES = YES;
				CLANG_ENABLE_OBJC_ARC = YES;
				CLANG_WARN_BOOL_CONVERSION = YES;
				CLANG_WARN_CONSTANT_CONVERSION = YES;
				CLANG_WARN_DIRECT_OBJC_ISA_USAGE = YES_ERROR;
				CLANG_WARN_EMPTY_BODY = YES;
				CLANG_WARN_ENUM_CONVERSION = YES;
				CLANG_WARN_INFINITE_RECURSION = YES;
				CLANG_WARN_INT_CONVERSION = YES;
				CLANG_WARN_OBJC_ROOT_CLASS = YES_ERROR;
				CLANG_WARN_SUSPICIOUS_MOVE = YES;
				CLANG_WARN_UNREACHABLE_CODE = YES;
				CLANG_WARN__DUPLICATE_METHOD_MATCH = YES;
				COPY_PHASE_STRIP = YES;
				ENABLE_NS_ASSERTIONS = NO;
				ENABLE_STRICT_OBJC_MSGSEND = YES;
				GCC_C_LANGUAGE_STANDARD = gnu99;
				GCC_NO_COMMON_BLOCKS = YES;
				GCC_WARN_64_TO_32_BIT_CONVERSION = YES;
				GCC_WARN_ABOUT_RETURN_TYPE = YES_ERROR;
				GCC_WARN_UNDECLARED_SELECTOR = YES;
				GCC_WARN_UNINITIALIZED_AUTOS = YES_AGGRESSIVE;
				GCC_WARN_UNUSED_FUNCTION = YES;
				GCC_WARN_UNUSED_VARIABLE = YES;
				IPHONEOS_DEPLOYMENT_TARGET = 8.0;
				MTL_ENABLE_DEBUG_INFO = NO;
				SDKROOT = iphoneos;
				VALIDATE_PRODUCT = YES;
			};
			name = Release;
		};
		58B511F01A9E6C8500147676 /* Debug */ = {
			isa = XCBuildConfiguration;
			buildSettings = {
				ALWAYS_EMBED_SWIFT_STANDARD_LIBRARIES = YES;
				CLANG_ENABLE_MODULES = YES;
				HEADER_SEARCH_PATHS = (
					"$(inherited)",
					/Applications/Xcode.app/Contents/Developer/Toolchains/XcodeDefault.xctoolchain/usr/include,
					"$(SRCROOT)/../../../React/**",
					"$(SRCROOT)/../../react-native/React/**",
				);
				LD_RUNPATH_SEARCH_PATHS = "$(inherited) @executable_path/Frameworks @loader_path/Frameworks";
				LIBRARY_SEARCH_PATHS = (
					"$(inherited)",
					"$(TOOLCHAIN_DIR)/usr/lib/swift/$(PLATFORM_NAME)",
				);
				OTHER_LDFLAGS = "-ObjC";
				PRODUCT_NAME = HSReactNativeCamera;
				SKIP_INSTALL = YES;
				SWIFT_OBJC_BRIDGING_HEADER = "HSReactNativeCamera-Bridging-Header.h";
				SWIFT_OPTIMIZATION_LEVEL = "-Onone";
				SWIFT_VERSION = 5.0;
			};
			name = Debug;
		};
		58B511F11A9E6C8500147676 /* Release */ = {
			isa = XCBuildConfiguration;
			buildSettings = {
				ALWAYS_EMBED_SWIFT_STANDARD_LIBRARIES = YES;
				CLANG_ENABLE_MODULES = YES;
				HEADER_SEARCH_PATHS = (
					"$(inherited)",
					/Applications/Xcode.app/Contents/Developer/Toolchains/XcodeDefault.xctoolchain/usr/include,
					"$(SRCROOT)/../../../React/**",
					"$(SRCROOT)/../../react-native/React/**",
				);
				LD_RUNPATH_SEARCH_PATHS = "$(inherited) @executable_path/Frameworks @loader_path/Frameworks";
				LIBRARY_SEARCH_PATHS = (
					"$(inherited)",
					"$(TOOLCHAIN_DIR)/usr/lib/swift/$(PLATFORM_NAME)",
				);
				OTHER_LDFLAGS = "-ObjC";
				PRODUCT_NAME = HSReactNativeCamera;
				SKIP_INSTALL = YES;
				SWIFT_OBJC_BRIDGING_HEADER = "HSReactNativeCamera-Bridging-Header.h";
				SWIFT_VERSION = 5.0;
			};
			name = Release;
		};
/* End XCBuildConfiguration section */

/* Begin XCConfigurationList section */
		58B511D61A9E6C8500147676 /* Build configuration list for PBXProject "HSReactNativeCamera" */ = {
			isa = XCConfigurationList;
			buildConfigurations = (
				58B511ED1A9E6C8500147676 /* Debug */,
				58B511EE1A9E6C8500147676 /* Release */,
			);
			defaultConfigurationIsVisible = 0;
			defaultConfigurationName = Release;
		};
		58B511EF1A9E6C8500147676 /* Build configuration list for PBXNativeTarget "HSReactNativeCamera" */ = {
			isa = XCConfigurationList;
			buildConfigurations = (
				58B511F01A9E6C8500147676 /* Debug */,
				58B511F11A9E6C8500147676 /* Release */,
			);
			defaultConfigurationIsVisible = 0;
			defaultConfigurationName = Release;
		};
/* End XCConfigurationList section */
	};
	rootObject = 58B511D31A9E6C8500147676 /* Project object */;
}
