// !$*UTF8*$!
{
	archiveVersion = 1;
	classes = {
	};
	objectVersion = 46;
	objects = {

/* Begin PBXBuildFile section */
		FC03B62D22DFD6C700E283B3 /* HSPortraitMask.swift in Sources */ = {isa = PBXBuildFile; fileRef = FC03B62C22DFD6C700E283B3 /* HSPortraitMask.swift */; };
		FC03B63022DFDB0700E283B3 /* HSPortraitMaskFactory.swift in Sources */ = {isa = PBXBuildFile; fileRef = FC03B62F22DFDB0700E283B3 /* HSPortraitMaskFactory.swift */; };
		FC03B63222DFEA0000E283B3 /* HSVideoCompositionView.swift in Sources */ = {isa = PBXBuildFile; fileRef = FC03B63122DFEA0000E283B3 /* HSVideoCompositionView.swift */; };
		FC03B64C22DFF1F000E283B3 /* HSVideoCompositionViewManager.m in Sources */ = {isa = PBXBuildFile; fileRef = FC03B64B22DFF1F000E283B3 /* HSVideoCompositionViewManager.m */; };
		FC20ADFD22E9130000181579 /* HSExportTask.swift in Sources */ = {isa = PBXBuildFile; fileRef = FC20ADFC22E9130000181579 /* HSExportTask.swift */; };
		FC29966C230DD9620006366F /* HSVideoCompositionViewPlaybackDelegate.swift in Sources */ = {isa = PBXBuildFile; fileRef = FC29966B230DD9620006366F /* HSVideoCompositionViewPlaybackDelegate.swift */; };
		FC299672230DE8310006366F /* HSVideoCompositionBridgeView.swift in Sources */ = {isa = PBXBuildFile; fileRef = FC299671230DE8310006366F /* HSVideoCompositionBridgeView.swift */; };
		FC299674230DEF370006366F /* HSVideoPlaybackState.swift in Sources */ = {isa = PBXBuildFile; fileRef = FC299673230DEF370006366F /* HSVideoPlaybackState.swift */; };
		FC2FB8F022CBCEA5007CE0AF /* HSSegmentationModelLoader.swift in Sources */ = {isa = PBXBuildFile; fileRef = FC2FB8EF22CBCEA5007CE0AF /* HSSegmentationModelLoader.swift */; };
		FC31DAB422E6279700D1FADD /* HSDepthBlurEffect.swift in Sources */ = {isa = PBXBuildFile; fileRef = FC31DAB322E6279700D1FADD /* HSDepthBlurEffect.swift */; };
		FC526E7C22F0B9B700582BB5 /* ToDictionary.swift in Sources */ = {isa = PBXBuildFile; fileRef = FC526E7B22F0B9B700582BB5 /* ToDictionary.swift */; };
		FC552C9922E9320C00775729 /* fileUtils.swift in Sources */ = {isa = PBXBuildFile; fileRef = FC552C9822E9320C00775729 /* fileUtils.swift */; };
		FC552C9B22E937A000775729 /* HSVideoCompositionExportManager.swift in Sources */ = {isa = PBXBuildFile; fileRef = FC552C9A22E937A000775729 /* HSVideoCompositionExportManager.swift */; };
		FC552CA022E9390900775729 /* HSVideoCompositionExportManagerDelegate.swift in Sources */ = {isa = PBXBuildFile; fileRef = FC552C9F22E9390900775729 /* HSVideoCompositionExportManagerDelegate.swift */; };
		FC552CA222E939F800775729 /* HSVideoCompositionExportManagerBridgeModule.m in Sources */ = {isa = PBXBuildFile; fileRef = FC552CA122E939F800775729 /* HSVideoCompositionExportManagerBridgeModule.m */; };
		FC6155A322FCA57600BF446D /* HSMetalEffectView.swift in Sources */ = {isa = PBXBuildFile; fileRef = FC6155A222FCA57600BF446D /* HSMetalEffectView.swift */; };
		FC664EE322CAD98000FD8AE7 /* HSEffectManager.swift in Sources */ = {isa = PBXBuildFile; fileRef = FC845E5E22B9ABF600522016 /* HSEffectManager.swift */; };
		FC664EE522CAD98D00FD8AE7 /* HSCameraManager.swift in Sources */ = {isa = PBXBuildFile; fileRef = FC7B9EAA22B97DB40012D8D6 /* HSCameraManager.swift */; };
		FC664EE622CAD98D00FD8AE7 /* HSCameraManagerDelegate.swift in Sources */ = {isa = PBXBuildFile; fileRef = FC7B9EAC22B97EB90012D8D6 /* HSCameraManagerDelegate.swift */; };
		FC664EE722CAD98D00FD8AE7 /* HSCameraManagerDepthDataDelegate.swift in Sources */ = {isa = PBXBuildFile; fileRef = FC845E6A22B9B30000522016 /* HSCameraManagerDepthDataDelegate.swift */; };
		FC664EE822CAD98D00FD8AE7 /* HSCameraSetupResult.swift in Sources */ = {isa = PBXBuildFile; fileRef = FC7B9EAE22B97EED0012D8D6 /* HSCameraSetupResult.swift */; };
		FC664EE922CAD99000FD8AE7 /* HSCameraManagerBridgeModule.m in Sources */ = {isa = PBXBuildFile; fileRef = FC845E1D22B992B200522016 /* HSCameraManagerBridgeModule.m */; };
		FC664EED22CAD9A500FD8AE7 /* HSCameraView.swift in Sources */ = {isa = PBXBuildFile; fileRef = FC845E1722B98D6300522016 /* HSCameraView.swift */; };
		FC664EEE22CAD9A500FD8AE7 /* HSCameraViewManager.m in Sources */ = {isa = PBXBuildFile; fileRef = FC845E1922B98E5600522016 /* HSCameraViewManager.m */; };
		FC664EEF22CAD9AA00FD8AE7 /* permissions.swift in Sources */ = {isa = PBXBuildFile; fileRef = FC7B9EB122B980F60012D8D6 /* permissions.swift */; };
		FC664EF022CAD9AA00FD8AE7 /* cameraUtils.swift in Sources */ = {isa = PBXBuildFile; fileRef = FC845E1522B98A3D00522016 /* cameraUtils.swift */; };
		FC664EF322CAD9AA00FD8AE7 /* mathUtils.swift in Sources */ = {isa = PBXBuildFile; fileRef = FC845E7D22BC843100522016 /* mathUtils.swift */; };
		FC6FFB54230670D2005FB226 /* HSCameraManagerPlaybackDelegate.swift in Sources */ = {isa = PBXBuildFile; fileRef = FC6FFB53230670D2005FB226 /* HSCameraManagerPlaybackDelegate.swift */; };
		FC6FFB57230B4EAC005FB226 /* HSDebuggable.swift in Sources */ = {isa = PBXBuildFile; fileRef = FC6FFB56230B4EAC005FB226 /* HSDebuggable.swift */; };
		FC7EFBE622FA11A10002B254 /* AVCaptureDevicePosition+RCTConvert.m in Sources */ = {isa = PBXBuildFile; fileRef = FC7EFBE522FA11A10002B254 /* AVCaptureDevicePosition+RCTConvert.m */; };
		FC7EFBEA22FA203E0002B254 /* HSVideoPreviewView.swift in Sources */ = {isa = PBXBuildFile; fileRef = FC7EFBE922FA203E0002B254 /* HSVideoPreviewView.swift */; };
		FC7EFBEC22FA20550002B254 /* HSEffectPreviewView.swift in Sources */ = {isa = PBXBuildFile; fileRef = FC7EFBEB22FA20550002B254 /* HSEffectPreviewView.swift */; };
		FC7EFBEE22FA55AF0002B254 /* HSEffectPreviewMode.swift in Sources */ = {isa = PBXBuildFile; fileRef = FC7EFBED22FA55AF0002B254 /* HSEffectPreviewMode.swift */; };
		FC7EFBF022FA560D0002B254 /* HSEffectPreviewMode+RCTConvert.m in Sources */ = {isa = PBXBuildFile; fileRef = FC7EFBEF22FA560D0002B254 /* HSEffectPreviewMode+RCTConvert.m */; };
		FC82B6A4230DF83000D4AB4F /* HSVideoPlaybackState+RCTConvert.m in Sources */ = {isa = PBXBuildFile; fileRef = FC82B6A3230DF83000D4AB4F /* HSVideoPlaybackState+RCTConvert.m */; };
		FC82B6AC230F70E700D4AB4F /* resizeUtils.swift in Sources */ = {isa = PBXBuildFile; fileRef = FC82B6AB230F70E700D4AB4F /* resizeUtils.swift */; };
		FC904B8D22EFDB0F0010AD4F /* FromDictionary.swift in Sources */ = {isa = PBXBuildFile; fileRef = FC904B8C22EFDB0F0010AD4F /* FromDictionary.swift */; };
		FC904B9022EFDB280010AD4F /* Size+FromDictionary.swift in Sources */ = {isa = PBXBuildFile; fileRef = FC904B8F22EFDB280010AD4F /* Size+FromDictionary.swift */; };
		FC904B9222EFDBB20010AD4F /* HSMinMaxInterval+FromDictionary.swift in Sources */ = {isa = PBXBuildFile; fileRef = FC904B9122EFDBB20010AD4F /* HSMinMaxInterval+FromDictionary.swift */; };
		FC914B8822E8F3A9001691F7 /* HSExportManager.swift in Sources */ = {isa = PBXBuildFile; fileRef = FC914B8722E8F3A9001691F7 /* HSExportManager.swift */; };
		FCA6525822E8F63C0000620C /* HSVideoComposition.swift in Sources */ = {isa = PBXBuildFile; fileRef = FCA6525722E8F63C0000620C /* HSVideoComposition.swift */; };
		FCADFE2922E1521B00E3C76A /* HSVideoCompositor.swift in Sources */ = {isa = PBXBuildFile; fileRef = FCADFE2822E1521B00E3C76A /* HSVideoCompositor.swift */; };
		FCBFAF0822CBE27300A0AC11 /* Result.swift in Sources */ = {isa = PBXBuildFile; fileRef = FCBFAF0722CBE27300A0AC11 /* Result.swift */; };
		FCBFAF0B22CBE9CB00A0AC11 /* libHSCameraUtils.a in Frameworks */ = {isa = PBXBuildFile; fileRef = FC71B6CB22CAB23A003EA230 /* libHSCameraUtils.a */; };
		FCBFAF0F22CBF07200A0AC11 /* HSSegmentationModel.swift in Sources */ = {isa = PBXBuildFile; fileRef = FCBFAF0E22CBF07200A0AC11 /* HSSegmentationModel.swift */; };
		FCBFAF1122CBF28B00A0AC11 /* createSegmentationMask.swift in Sources */ = {isa = PBXBuildFile; fileRef = FCBFAF1022CBF28B00A0AC11 /* createSegmentationMask.swift */; };
		FCC96F3622FA9DAA00CDCEB2 /* HSResizeMode.swift in Sources */ = {isa = PBXBuildFile; fileRef = FCC96F3522FA9DAA00CDCEB2 /* HSResizeMode.swift */; };
		FCC96F3922FA9E1300CDCEB2 /* HSResizeMode+RCTConvert.m in Sources */ = {isa = PBXBuildFile; fileRef = FCC96F3822FA9E1300CDCEB2 /* HSResizeMode+RCTConvert.m */; };
		FCDE2BD122EB604D0025177E /* HSCameraFormat.swift in Sources */ = {isa = PBXBuildFile; fileRef = FCDE2BD022EB604D0025177E /* HSCameraFormat.swift */; };
		FCDF906422E6885900AD5F4D /* HSMinMaxInterval.swift in Sources */ = {isa = PBXBuildFile; fileRef = FCDF906322E6885900AD5F4D /* HSMinMaxInterval.swift */; };
		FCDF906622E6899000AD5F4D /* NSDictionaryConvertible.swift in Sources */ = {isa = PBXBuildFile; fileRef = FCDF906522E6899000AD5F4D /* NSDictionaryConvertible.swift */; };
		FCEF518522E8F50400672D6A /* HSExportManagerDelegate.swift in Sources */ = {isa = PBXBuildFile; fileRef = FCEF518422E8F50400672D6A /* HSExportManagerDelegate.swift */; };
		FCF822AA22E9137500474CF8 /* HSVideoCompositionExportTask.swift in Sources */ = {isa = PBXBuildFile; fileRef = FCF822A922E9137500474CF8 /* HSVideoCompositionExportTask.swift */; };
/* End PBXBuildFile section */

/* Begin PBXContainerItemProxy section */
		FC0E6E3A22E03BC800B0C1C7 /* PBXContainerItemProxy */ = {
			isa = PBXContainerItemProxy;
			containerPortal = FC0E6E3522E03BC700B0C1C7 /* RNBlur.xcodeproj */;
			proxyType = 2;
			remoteGlobalIDString = A68BD7BC1BC31318005F02DF;
			remoteInfo = RNBlur;
		};
		FC0E6E3C22E03BC800B0C1C7 /* PBXContainerItemProxy */ = {
			isa = PBXContainerItemProxy;
			containerPortal = FC0E6E3522E03BC700B0C1C7 /* RNBlur.xcodeproj */;
			proxyType = 2;
			remoteGlobalIDString = 64D1BD361EEFE88700F3F219;
			remoteInfo = "RNBlur-tvOS";
		};
		FC71B6CA22CAB23A003EA230 /* PBXContainerItemProxy */ = {
			isa = PBXContainerItemProxy;
			containerPortal = FC71B6C622CAB23A003EA230 /* HSCameraUtils.xcodeproj */;
			proxyType = 2;
			remoteGlobalIDString = FC71B66422CAAFCF003EA230;
			remoteInfo = HSCameraUtils;
		};
/* End PBXContainerItemProxy section */

/* Begin PBXCopyFilesBuildPhase section */
		FC664EDA22CAD96E00FD8AE7 /* CopyFiles */ = {
			isa = PBXCopyFilesBuildPhase;
			buildActionMask = 2147483647;
			dstPath = "include/$(PRODUCT_NAME)";
			dstSubfolderSpec = 16;
			files = (
			);
			runOnlyForDeploymentPostprocessing = 0;
		};
/* End PBXCopyFilesBuildPhase section */

/* Begin PBXFileReference section */
		E324372C3A6249038A329A4A /* libRNBlur.a */ = {isa = PBXFileReference; explicitFileType = undefined; fileEncoding = 9; includeInIndex = 0; lastKnownFileType = archive.ar; path = libRNBlur.a; sourceTree = "<group>"; };
		FC03B62C22DFD6C700E283B3 /* HSPortraitMask.swift */ = {isa = PBXFileReference; indentWidth = 2; lastKnownFileType = sourcecode.swift; path = HSPortraitMask.swift; sourceTree = "<group>"; tabWidth = 2; };
		FC03B62F22DFDB0700E283B3 /* HSPortraitMaskFactory.swift */ = {isa = PBXFileReference; indentWidth = 2; lastKnownFileType = sourcecode.swift; path = HSPortraitMaskFactory.swift; sourceTree = "<group>"; tabWidth = 2; };
		FC03B63122DFEA0000E283B3 /* HSVideoCompositionView.swift */ = {isa = PBXFileReference; indentWidth = 2; lastKnownFileType = sourcecode.swift; path = HSVideoCompositionView.swift; sourceTree = "<group>"; tabWidth = 2; };
		FC03B64B22DFF1F000E283B3 /* HSVideoCompositionViewManager.m */ = {isa = PBXFileReference; indentWidth = 2; lastKnownFileType = sourcecode.c.objc; path = HSVideoCompositionViewManager.m; sourceTree = "<group>"; tabWidth = 2; };
		FC03B64E22DFF25500E283B3 /* HSVideoCompositionViewManager.h */ = {isa = PBXFileReference; lastKnownFileType = sourcecode.c.h; path = HSVideoCompositionViewManager.h; sourceTree = "<group>"; };
		FC0E6E3522E03BC700B0C1C7 /* RNBlur.xcodeproj */ = {isa = PBXFileReference; lastKnownFileType = "wrapper.pb-project"; name = RNBlur.xcodeproj; path = "../../node_modules/@react-native-community/blur/ios/RNBlur.xcodeproj"; sourceTree = "<group>"; };
		FC20ADFC22E9130000181579 /* HSExportTask.swift */ = {isa = PBXFileReference; lastKnownFileType = sourcecode.swift; path = HSExportTask.swift; sourceTree = "<group>"; };
		FC29966B230DD9620006366F /* HSVideoCompositionViewPlaybackDelegate.swift */ = {isa = PBXFileReference; indentWidth = 2; lastKnownFileType = sourcecode.swift; path = HSVideoCompositionViewPlaybackDelegate.swift; sourceTree = "<group>"; tabWidth = 2; };
		FC299671230DE8310006366F /* HSVideoCompositionBridgeView.swift */ = {isa = PBXFileReference; indentWidth = 2; lastKnownFileType = sourcecode.swift; path = HSVideoCompositionBridgeView.swift; sourceTree = "<group>"; tabWidth = 2; };
		FC299673230DEF370006366F /* HSVideoPlaybackState.swift */ = {isa = PBXFileReference; lastKnownFileType = sourcecode.swift; path = HSVideoPlaybackState.swift; sourceTree = "<group>"; };
		FC2FB8EF22CBCEA5007CE0AF /* HSSegmentationModelLoader.swift */ = {isa = PBXFileReference; indentWidth = 2; lastKnownFileType = sourcecode.swift; path = HSSegmentationModelLoader.swift; sourceTree = "<group>"; tabWidth = 2; };
		FC31DAB322E6279700D1FADD /* HSDepthBlurEffect.swift */ = {isa = PBXFileReference; indentWidth = 2; lastKnownFileType = sourcecode.swift; path = HSDepthBlurEffect.swift; sourceTree = "<group>"; tabWidth = 2; };
		FC526E7B22F0B9B700582BB5 /* ToDictionary.swift */ = {isa = PBXFileReference; indentWidth = 2; lastKnownFileType = sourcecode.swift; path = ToDictionary.swift; sourceTree = "<group>"; tabWidth = 2; };
		FC552C9822E9320C00775729 /* fileUtils.swift */ = {isa = PBXFileReference; lastKnownFileType = sourcecode.swift; path = fileUtils.swift; sourceTree = "<group>"; };
		FC552C9A22E937A000775729 /* HSVideoCompositionExportManager.swift */ = {isa = PBXFileReference; indentWidth = 2; lastKnownFileType = sourcecode.swift; path = HSVideoCompositionExportManager.swift; sourceTree = "<group>"; tabWidth = 2; };
		FC552C9F22E9390900775729 /* HSVideoCompositionExportManagerDelegate.swift */ = {isa = PBXFileReference; lastKnownFileType = sourcecode.swift; path = HSVideoCompositionExportManagerDelegate.swift; sourceTree = "<group>"; };
		FC552CA122E939F800775729 /* HSVideoCompositionExportManagerBridgeModule.m */ = {isa = PBXFileReference; indentWidth = 2; lastKnownFileType = sourcecode.c.objc; path = HSVideoCompositionExportManagerBridgeModule.m; sourceTree = "<group>"; tabWidth = 2; };
		FC552CA322E93A0000775729 /* HSVideoCompositionExportManagerBridgeModule.h */ = {isa = PBXFileReference; lastKnownFileType = sourcecode.c.h; path = HSVideoCompositionExportManagerBridgeModule.h; sourceTree = "<group>"; };
		FC6155A222FCA57600BF446D /* HSMetalEffectView.swift */ = {isa = PBXFileReference; indentWidth = 2; lastKnownFileType = sourcecode.swift; path = HSMetalEffectView.swift; sourceTree = "<group>"; tabWidth = 2; };
		FC664F4022CADCE600FD8AE7 /* libHSReactNativeCamera.a */ = {isa = PBXFileReference; lastKnownFileType = archive.ar; name = libHSReactNativeCamera.a; path = "../../../../../../../Library/Developer/Xcode/DerivedData/Storybook-aykofoufjpltyqchwrnbfzpoimmw/Build/Products/Debug-iphoneos/libHSReactNativeCamera.a"; sourceTree = "<group>"; };
		FC6FFB53230670D2005FB226 /* HSCameraManagerPlaybackDelegate.swift */ = {isa = PBXFileReference; lastKnownFileType = sourcecode.swift; path = HSCameraManagerPlaybackDelegate.swift; sourceTree = "<group>"; };
		FC6FFB56230B4EAC005FB226 /* HSDebuggable.swift */ = {isa = PBXFileReference; indentWidth = 2; lastKnownFileType = sourcecode.swift; path = HSDebuggable.swift; sourceTree = "<group>"; tabWidth = 2; };
		FC71B6C622CAB23A003EA230 /* HSCameraUtils.xcodeproj */ = {isa = PBXFileReference; lastKnownFileType = "wrapper.pb-project"; name = HSCameraUtils.xcodeproj; path = "../../../../backflip-camera-utils/HSCameraUtils.xcodeproj"; sourceTree = "<group>"; };
		FC75EB2B22CAE84A003AB14E /* libHSReactNativeCamera.a */ = {isa = PBXFileReference; explicitFileType = archive.ar; includeInIndex = 0; path = libHSReactNativeCamera.a; sourceTree = BUILT_PRODUCTS_DIR; };
		FC7B9EAA22B97DB40012D8D6 /* HSCameraManager.swift */ = {isa = PBXFileReference; indentWidth = 2; lastKnownFileType = sourcecode.swift; path = HSCameraManager.swift; sourceTree = "<group>"; tabWidth = 2; };
		FC7B9EAC22B97EB90012D8D6 /* HSCameraManagerDelegate.swift */ = {isa = PBXFileReference; indentWidth = 2; lastKnownFileType = sourcecode.swift; path = HSCameraManagerDelegate.swift; sourceTree = "<group>"; tabWidth = 2; };
		FC7B9EAE22B97EED0012D8D6 /* HSCameraSetupResult.swift */ = {isa = PBXFileReference; lastKnownFileType = sourcecode.swift; path = HSCameraSetupResult.swift; sourceTree = "<group>"; };
		FC7B9EB122B980F60012D8D6 /* permissions.swift */ = {isa = PBXFileReference; indentWidth = 2; lastKnownFileType = sourcecode.swift; path = permissions.swift; sourceTree = "<group>"; tabWidth = 2; };
		FC7EFBE522FA11A10002B254 /* AVCaptureDevicePosition+RCTConvert.m */ = {isa = PBXFileReference; lastKnownFileType = sourcecode.c.objc; path = "AVCaptureDevicePosition+RCTConvert.m"; sourceTree = "<group>"; };
		FC7EFBE822FA121C0002B254 /* AVCaptureDevicePosition+RCTConvert.h */ = {isa = PBXFileReference; lastKnownFileType = sourcecode.c.h; path = "AVCaptureDevicePosition+RCTConvert.h"; sourceTree = "<group>"; };
		FC7EFBE922FA203E0002B254 /* HSVideoPreviewView.swift */ = {isa = PBXFileReference; indentWidth = 2; lastKnownFileType = sourcecode.swift; path = HSVideoPreviewView.swift; sourceTree = "<group>"; tabWidth = 2; };
		FC7EFBEB22FA20550002B254 /* HSEffectPreviewView.swift */ = {isa = PBXFileReference; indentWidth = 2; lastKnownFileType = sourcecode.swift; path = HSEffectPreviewView.swift; sourceTree = "<group>"; tabWidth = 2; };
		FC7EFBED22FA55AF0002B254 /* HSEffectPreviewMode.swift */ = {isa = PBXFileReference; indentWidth = 2; lastKnownFileType = sourcecode.swift; path = HSEffectPreviewMode.swift; sourceTree = "<group>"; tabWidth = 2; };
		FC7EFBEF22FA560D0002B254 /* HSEffectPreviewMode+RCTConvert.m */ = {isa = PBXFileReference; lastKnownFileType = sourcecode.c.objc; path = "HSEffectPreviewMode+RCTConvert.m"; sourceTree = "<group>"; };
		FC7EFBF122FA561E0002B254 /* HSEffectPreviewMode+RCTConvert.h */ = {isa = PBXFileReference; lastKnownFileType = sourcecode.c.h; path = "HSEffectPreviewMode+RCTConvert.h"; sourceTree = "<group>"; };
		FC82B6A3230DF83000D4AB4F /* HSVideoPlaybackState+RCTConvert.m */ = {isa = PBXFileReference; lastKnownFileType = sourcecode.c.objc; path = "HSVideoPlaybackState+RCTConvert.m"; sourceTree = "<group>"; };
		FC82B6A6230DF87600D4AB4F /* HSVideoPlaybackState+RCTConvert.h */ = {isa = PBXFileReference; lastKnownFileType = sourcecode.c.h; path = "HSVideoPlaybackState+RCTConvert.h"; sourceTree = "<group>"; };
		FC82B6AB230F70E700D4AB4F /* resizeUtils.swift */ = {isa = PBXFileReference; lastKnownFileType = sourcecode.swift; path = resizeUtils.swift; sourceTree = "<group>"; };
		FC845E1522B98A3D00522016 /* cameraUtils.swift */ = {isa = PBXFileReference; indentWidth = 2; lastKnownFileType = sourcecode.swift; path = cameraUtils.swift; sourceTree = "<group>"; tabWidth = 2; };
		FC845E1722B98D6300522016 /* HSCameraView.swift */ = {isa = PBXFileReference; indentWidth = 2; lastKnownFileType = sourcecode.swift; path = HSCameraView.swift; sourceTree = "<group>"; tabWidth = 2; };
		FC845E1922B98E5600522016 /* HSCameraViewManager.m */ = {isa = PBXFileReference; lastKnownFileType = sourcecode.c.objc; path = HSCameraViewManager.m; sourceTree = "<group>"; };
		FC845E1B22B98E5F00522016 /* HSCameraViewManager.h */ = {isa = PBXFileReference; lastKnownFileType = sourcecode.c.h; path = HSCameraViewManager.h; sourceTree = "<group>"; };
		FC845E1D22B992B200522016 /* HSCameraManagerBridgeModule.m */ = {isa = PBXFileReference; indentWidth = 2; lastKnownFileType = sourcecode.c.objc; path = HSCameraManagerBridgeModule.m; sourceTree = "<group>"; tabWidth = 2; };
		FC845E1F22B992BB00522016 /* HSCameraManagerBridgeModule.h */ = {isa = PBXFileReference; lastKnownFileType = sourcecode.c.h; path = HSCameraManagerBridgeModule.h; sourceTree = "<group>"; };
		FC845E5E22B9ABF600522016 /* HSEffectManager.swift */ = {isa = PBXFileReference; indentWidth = 2; lastKnownFileType = sourcecode.swift; path = HSEffectManager.swift; sourceTree = "<group>"; tabWidth = 2; };
		FC845E6A22B9B30000522016 /* HSCameraManagerDepthDataDelegate.swift */ = {isa = PBXFileReference; indentWidth = 2; lastKnownFileType = sourcecode.swift; path = HSCameraManagerDepthDataDelegate.swift; sourceTree = "<group>"; tabWidth = 2; };
		FC845E7D22BC843100522016 /* mathUtils.swift */ = {isa = PBXFileReference; indentWidth = 2; lastKnownFileType = sourcecode.swift; path = mathUtils.swift; sourceTree = "<group>"; tabWidth = 2; };
		FC904B8C22EFDB0F0010AD4F /* FromDictionary.swift */ = {isa = PBXFileReference; indentWidth = 2; lastKnownFileType = sourcecode.swift; path = FromDictionary.swift; sourceTree = "<group>"; tabWidth = 2; };
		FC904B8F22EFDB280010AD4F /* Size+FromDictionary.swift */ = {isa = PBXFileReference; lastKnownFileType = sourcecode.swift; path = "Size+FromDictionary.swift"; sourceTree = "<group>"; };
		FC904B9122EFDBB20010AD4F /* HSMinMaxInterval+FromDictionary.swift */ = {isa = PBXFileReference; indentWidth = 2; lastKnownFileType = sourcecode.swift; path = "HSMinMaxInterval+FromDictionary.swift"; sourceTree = "<group>"; tabWidth = 2; };
		FC914B8722E8F3A9001691F7 /* HSExportManager.swift */ = {isa = PBXFileReference; indentWidth = 2; lastKnownFileType = sourcecode.swift; path = HSExportManager.swift; sourceTree = "<group>"; tabWidth = 2; };
		FCA4D43C22E8A9EB00E6FF32 /* libHSReactNativeMedia.a */ = {isa = PBXFileReference; explicitFileType = archive.ar; path = libHSReactNativeMedia.a; sourceTree = BUILT_PRODUCTS_DIR; };
		FCA6525722E8F63C0000620C /* HSVideoComposition.swift */ = {isa = PBXFileReference; indentWidth = 2; lastKnownFileType = sourcecode.swift; path = HSVideoComposition.swift; sourceTree = "<group>"; tabWidth = 2; };
		FCADFE2822E1521B00E3C76A /* HSVideoCompositor.swift */ = {isa = PBXFileReference; indentWidth = 2; lastKnownFileType = sourcecode.swift; path = HSVideoCompositor.swift; sourceTree = "<group>"; tabWidth = 2; };
		FCBFAF0722CBE27300A0AC11 /* Result.swift */ = {isa = PBXFileReference; lastKnownFileType = sourcecode.swift; path = Result.swift; sourceTree = "<group>"; };
		FCBFAF0E22CBF07200A0AC11 /* HSSegmentationModel.swift */ = {isa = PBXFileReference; indentWidth = 2; lastKnownFileType = sourcecode.swift; path = HSSegmentationModel.swift; sourceTree = "<group>"; tabWidth = 2; };
		FCBFAF1022CBF28B00A0AC11 /* createSegmentationMask.swift */ = {isa = PBXFileReference; indentWidth = 2; lastKnownFileType = sourcecode.swift; path = createSegmentationMask.swift; sourceTree = "<group>"; tabWidth = 2; };
		FCC96F3522FA9DAA00CDCEB2 /* HSResizeMode.swift */ = {isa = PBXFileReference; indentWidth = 2; lastKnownFileType = sourcecode.swift; path = HSResizeMode.swift; sourceTree = "<group>"; tabWidth = 2; };
		FCC96F3822FA9E1300CDCEB2 /* HSResizeMode+RCTConvert.m */ = {isa = PBXFileReference; lastKnownFileType = sourcecode.c.objc; path = "HSResizeMode+RCTConvert.m"; sourceTree = "<group>"; };
		FCC96F3A22FA9E1D00CDCEB2 /* HSResizeMode+RCTConvert.h */ = {isa = PBXFileReference; lastKnownFileType = sourcecode.c.h; path = "HSResizeMode+RCTConvert.h"; sourceTree = "<group>"; };
		FCDE2BD022EB604D0025177E /* HSCameraFormat.swift */ = {isa = PBXFileReference; indentWidth = 2; lastKnownFileType = sourcecode.swift; path = HSCameraFormat.swift; sourceTree = "<group>"; tabWidth = 2; };
		FCDEEBEB22CC534C00B09AF2 /* libHSReactNativeCamera.a */ = {isa = PBXFileReference; lastKnownFileType = archive.ar; name = libHSReactNativeCamera.a; path = "../../../../../Library/Developer/Xcode/DerivedData/Storybook-aykofoufjpltyqchwrnbfzpoimmw/Build/Products/Debug-iphoneos/libHSReactNativeCamera.a"; sourceTree = "<group>"; };
		FCDF906322E6885900AD5F4D /* HSMinMaxInterval.swift */ = {isa = PBXFileReference; indentWidth = 2; lastKnownFileType = sourcecode.swift; path = HSMinMaxInterval.swift; sourceTree = "<group>"; tabWidth = 2; };
		FCDF906522E6899000AD5F4D /* NSDictionaryConvertible.swift */ = {isa = PBXFileReference; lastKnownFileType = sourcecode.swift; path = NSDictionaryConvertible.swift; sourceTree = "<group>"; };
		FCEF518422E8F50400672D6A /* HSExportManagerDelegate.swift */ = {isa = PBXFileReference; lastKnownFileType = sourcecode.swift; path = HSExportManagerDelegate.swift; sourceTree = "<group>"; };
		FCF822A922E9137500474CF8 /* HSVideoCompositionExportTask.swift */ = {isa = PBXFileReference; indentWidth = 2; lastKnownFileType = sourcecode.swift; path = HSVideoCompositionExportTask.swift; sourceTree = "<group>"; tabWidth = 2; };
		FCFC983A22AC7CD20089D452 /* HSReactNativeCamera-Bridging-Header.h */ = {isa = PBXFileReference; fileEncoding = 4; lastKnownFileType = sourcecode.c.h; path = "HSReactNativeCamera-Bridging-Header.h"; sourceTree = "<group>"; };
/* End PBXFileReference section */

/* Begin PBXFrameworksBuildPhase section */
		FC664ED922CAD96E00FD8AE7 /* Frameworks */ = {
			isa = PBXFrameworksBuildPhase;
			buildActionMask = 2147483647;
			files = (
				FCBFAF0B22CBE9CB00A0AC11 /* libHSCameraUtils.a in Frameworks */,
			);
			runOnlyForDeploymentPostprocessing = 0;
		};
/* End PBXFrameworksBuildPhase section */

/* Begin PBXGroup section */
		58B511D21A9E6C8500147676 = {
			isa = PBXGroup;
			children = (
				FCFC983A22AC7CD20089D452 /* HSReactNativeCamera-Bridging-Header.h */,
				FCDAC44F22AE01A6004A36E7 /* Source */,
				FC71B6C522CAB236003EA230 /* Libraries */,
				FC75EB2B22CAE84A003AB14E /* libHSReactNativeCamera.a */,
				FCDEEBEB22CC534C00B09AF2 /* libHSReactNativeCamera.a */,
				FCBFAF0A22CBE9CB00A0AC11 /* Frameworks */,
				FC0E6E3322E03AEF00B0C1C7 /* Recovered References */,
			);
			sourceTree = "<group>";
		};
		FC03B64D22DFF1F900E283B3 /* HSVideoCompositionView */ = {
			isa = PBXGroup;
			children = (
				FC03B64E22DFF25500E283B3 /* HSVideoCompositionViewManager.h */,
				FC03B64B22DFF1F000E283B3 /* HSVideoCompositionViewManager.m */,
				FC03B63122DFEA0000E283B3 /* HSVideoCompositionView.swift */,
				FC29966B230DD9620006366F /* HSVideoCompositionViewPlaybackDelegate.swift */,
				FC299671230DE8310006366F /* HSVideoCompositionBridgeView.swift */,
			);
			path = HSVideoCompositionView;
			sourceTree = "<group>";
		};
		FC0E6E3322E03AEF00B0C1C7 /* Recovered References */ = {
			isa = PBXGroup;
			children = (
				E324372C3A6249038A329A4A /* libRNBlur.a */,
			);
			name = "Recovered References";
			sourceTree = "<group>";
		};
		FC0E6E3622E03BC700B0C1C7 /* Products */ = {
			isa = PBXGroup;
			children = (
				FC0E6E3B22E03BC800B0C1C7 /* libRNBlur.a */,
				FC0E6E3D22E03BC800B0C1C7 /* libRNBlur.a */,
			);
			name = Products;
			sourceTree = "<group>";
		};
		FC20ADFB22E9121600181579 /* HSVideoComposition */ = {
			isa = PBXGroup;
			children = (
				FCA6525722E8F63C0000620C /* HSVideoComposition.swift */,
				FCF822A922E9137500474CF8 /* HSVideoCompositionExportTask.swift */,
			);
			path = HSVideoComposition;
			sourceTree = "<group>";
		};
		FC31DAB522E6284000D1FADD /* HSDepthBlurEffect */ = {
			isa = PBXGroup;
			children = (
				FC31DAB322E6279700D1FADD /* HSDepthBlurEffect.swift */,
			);
			path = HSDepthBlurEffect;
			sourceTree = "<group>";
		};
		FC552C9E22E9388500775729 /* HSExportManager */ = {
			isa = PBXGroup;
			children = (
				FC914B8722E8F3A9001691F7 /* HSExportManager.swift */,
				FCEF518422E8F50400672D6A /* HSExportManagerDelegate.swift */,
				FC20ADFC22E9130000181579 /* HSExportTask.swift */,
			);
			path = HSExportManager;
			sourceTree = "<group>";
		};
		FC552CA422E9491C00775729 /* HSVideoCompositor */ = {
			isa = PBXGroup;
			children = (
				FCADFE2822E1521B00E3C76A /* HSVideoCompositor.swift */,
			);
			path = HSVideoCompositor;
			sourceTree = "<group>";
		};
		FC71B6C522CAB236003EA230 /* Libraries */ = {
			isa = PBXGroup;
			children = (
				FC0E6E3522E03BC700B0C1C7 /* RNBlur.xcodeproj */,
				FC71B6C622CAB23A003EA230 /* HSCameraUtils.xcodeproj */,
			);
			path = Libraries;
			sourceTree = "<group>";
		};
		FC71B6C722CAB23A003EA230 /* Products */ = {
			isa = PBXGroup;
			children = (
				FC71B6CB22CAB23A003EA230 /* libHSCameraUtils.a */,
			);
			name = Products;
			sourceTree = "<group>";
		};
		FC73F2F522B02C20009B6D9F /* views */ = {
			isa = PBXGroup;
			children = (
				FC03B64D22DFF1F900E283B3 /* HSVideoCompositionView */,
				FC845E1C22B98F2100522016 /* HSCameraView */,
			);
			path = views;
			sourceTree = "<group>";
		};
		FC73F2F622B02D56009B6D9F /* modules */ = {
			isa = PBXGroup;
			children = (
				FC552CA422E9491C00775729 /* HSVideoCompositor */,
				FCEF516B22E8F48400672D6A /* HSVideoCompositionExportManager */,
				FC552C9E22E9388500775729 /* HSExportManager */,
				FC20ADFB22E9121600181579 /* HSVideoComposition */,
				FC31DAB522E6284000D1FADD /* HSDepthBlurEffect */,
				FCBFAF1222CBF38F00A0AC11 /* HSSegmentation */,
				FC845E6022B9AC4B00522016 /* HSEffectManager */,
				FC7B9EB022B97EF40012D8D6 /* HSCameraManager */,
			);
			path = modules;
			sourceTree = "<group>";
		};
		FC7B9EB022B97EF40012D8D6 /* HSCameraManager */ = {
			isa = PBXGroup;
			children = (
				FC7B9EAA22B97DB40012D8D6 /* HSCameraManager.swift */,
				FC7B9EAC22B97EB90012D8D6 /* HSCameraManagerDelegate.swift */,
				FC845E6A22B9B30000522016 /* HSCameraManagerDepthDataDelegate.swift */,
				FC6FFB53230670D2005FB226 /* HSCameraManagerPlaybackDelegate.swift */,
				FC7EFBED22FA55AF0002B254 /* HSEffectPreviewMode.swift */,
				FC7B9EAE22B97EED0012D8D6 /* HSCameraSetupResult.swift */,
				FC845E1D22B992B200522016 /* HSCameraManagerBridgeModule.m */,
				FC845E1F22B992BB00522016 /* HSCameraManagerBridgeModule.h */,
			);
			path = HSCameraManager;
			sourceTree = "<group>";
		};
		FC845E1C22B98F2100522016 /* HSCameraView */ = {
			isa = PBXGroup;
			children = (
				FC845E1722B98D6300522016 /* HSCameraView.swift */,
				FC845E1B22B98E5F00522016 /* HSCameraViewManager.h */,
				FC845E1922B98E5600522016 /* HSCameraViewManager.m */,
				FC7EFBE922FA203E0002B254 /* HSVideoPreviewView.swift */,
				FC7EFBEB22FA20550002B254 /* HSEffectPreviewView.swift */,
			);
			path = HSCameraView;
			sourceTree = "<group>";
		};
		FC845E6022B9AC4B00522016 /* HSEffectManager */ = {
			isa = PBXGroup;
			children = (
				FC845E5E22B9ABF600522016 /* HSEffectManager.swift */,
				FC6155A222FCA57600BF446D /* HSMetalEffectView.swift */,
			);
			path = HSEffectManager;
			sourceTree = "<group>";
		};
		FCA0A4C122ACC92700A93C32 /* utils */ = {
			isa = PBXGroup;
			children = (
				FC299673230DEF370006366F /* HSVideoPlaybackState.swift */,
				FC7B9EB122B980F60012D8D6 /* permissions.swift */,
				FC845E1522B98A3D00522016 /* cameraUtils.swift */,
				FC845E7D22BC843100522016 /* mathUtils.swift */,
				FC664F4022CADCE600FD8AE7 /* libHSReactNativeCamera.a */,
				FCBFAF0722CBE27300A0AC11 /* Result.swift */,
				FCDF906522E6899000AD5F4D /* NSDictionaryConvertible.swift */,
				FC552C9822E9320C00775729 /* fileUtils.swift */,
				FCDE2BD022EB604D0025177E /* HSCameraFormat.swift */,
				FC526E7B22F0B9B700582BB5 /* ToDictionary.swift */,
				FC904B8C22EFDB0F0010AD4F /* FromDictionary.swift */,
				FC904B8F22EFDB280010AD4F /* Size+FromDictionary.swift */,
				FCDF906322E6885900AD5F4D /* HSMinMaxInterval.swift */,
				FC904B9122EFDBB20010AD4F /* HSMinMaxInterval+FromDictionary.swift */,
				FCC96F3522FA9DAA00CDCEB2 /* HSResizeMode.swift */,
				FC6FFB56230B4EAC005FB226 /* HSDebuggable.swift */,
				FC82B6AB230F70E700D4AB4F /* resizeUtils.swift */,
			);
			path = utils;
			sourceTree = "<group>";
		};
		FCBFAF0A22CBE9CB00A0AC11 /* Frameworks */ = {
			isa = PBXGroup;
			children = (
				FCA4D43C22E8A9EB00E6FF32 /* libHSReactNativeMedia.a */,
			);
			name = Frameworks;
			sourceTree = "<group>";
		};
		FCBFAF1222CBF38F00A0AC11 /* HSSegmentation */ = {
			isa = PBXGroup;
			children = (
				FCBFAF0E22CBF07200A0AC11 /* HSSegmentationModel.swift */,
				FCBFAF1022CBF28B00A0AC11 /* createSegmentationMask.swift */,
				FC2FB8EF22CBCEA5007CE0AF /* HSSegmentationModelLoader.swift */,
				FC03B62C22DFD6C700E283B3 /* HSPortraitMask.swift */,
				FC03B62F22DFDB0700E283B3 /* HSPortraitMaskFactory.swift */,
			);
			path = HSSegmentation;
			sourceTree = "<group>";
		};
		FCC96F3722FA9DBC00CDCEB2 /* RCTConvert */ = {
			isa = PBXGroup;
			children = (
				FC7EFBE522FA11A10002B254 /* AVCaptureDevicePosition+RCTConvert.m */,
				FC7EFBE822FA121C0002B254 /* AVCaptureDevicePosition+RCTConvert.h */,
				FC7EFBEF22FA560D0002B254 /* HSEffectPreviewMode+RCTConvert.m */,
				FC7EFBF122FA561E0002B254 /* HSEffectPreviewMode+RCTConvert.h */,
				FCC96F3822FA9E1300CDCEB2 /* HSResizeMode+RCTConvert.m */,
				FCC96F3A22FA9E1D00CDCEB2 /* HSResizeMode+RCTConvert.h */,
				FC82B6A3230DF83000D4AB4F /* HSVideoPlaybackState+RCTConvert.m */,
				FC82B6A6230DF87600D4AB4F /* HSVideoPlaybackState+RCTConvert.h */,
			);
			path = RCTConvert;
			sourceTree = "<group>";
		};
		FCDAC44F22AE01A6004A36E7 /* Source */ = {
			isa = PBXGroup;
			children = (
				FC73F2F622B02D56009B6D9F /* modules */,
				FC73F2F522B02C20009B6D9F /* views */,
				FCC96F3722FA9DBC00CDCEB2 /* RCTConvert */,
				FCA0A4C122ACC92700A93C32 /* utils */,
			);
			path = Source;
			sourceTree = "<group>";
		};
		FCEF516B22E8F48400672D6A /* HSVideoCompositionExportManager */ = {
			isa = PBXGroup;
			children = (
				FC552C9A22E937A000775729 /* HSVideoCompositionExportManager.swift */,
				FC552C9F22E9390900775729 /* HSVideoCompositionExportManagerDelegate.swift */,
				FC552CA122E939F800775729 /* HSVideoCompositionExportManagerBridgeModule.m */,
				FC552CA322E93A0000775729 /* HSVideoCompositionExportManagerBridgeModule.h */,
			);
			path = HSVideoCompositionExportManager;
			sourceTree = "<group>";
		};
/* End PBXGroup section */

/* Begin PBXNativeTarget section */
		FC664EDB22CAD96E00FD8AE7 /* HSReactNativeCamera */ = {
			isa = PBXNativeTarget;
			buildConfigurationList = FC664EE022CAD96F00FD8AE7 /* Build configuration list for PBXNativeTarget "HSReactNativeCamera" */;
			buildPhases = (
				FC664ED822CAD96E00FD8AE7 /* Sources */,
				FC664ED922CAD96E00FD8AE7 /* Frameworks */,
				FC664EDA22CAD96E00FD8AE7 /* CopyFiles */,
			);
			buildRules = (
			);
			dependencies = (
			);
			name = HSReactNativeCamera;
			productName = HSReactNativeCamera;
			productReference = FC75EB2B22CAE84A003AB14E /* libHSReactNativeCamera.a */;
			productType = "com.apple.product-type.library.static";
		};
/* End PBXNativeTarget section */

/* Begin PBXProject section */
		58B511D31A9E6C8500147676 /* Project object */ = {
			isa = PBXProject;
			attributes = {
				LastSwiftUpdateCheck = 1020;
				LastUpgradeCheck = 830;
				ORGANIZATIONNAME = "";
				TargetAttributes = {
					FC664EDB22CAD96E00FD8AE7 = {
						CreatedOnToolsVersion = 10.2.1;
						DevelopmentTeam = 6DUV3UU8M8;
						ProvisioningStyle = Automatic;
					};
				};
			};
			buildConfigurationList = 58B511D61A9E6C8500147676 /* Build configuration list for PBXProject "HSReactNativeCamera" */;
			compatibilityVersion = "Xcode 3.2";
			developmentRegion = English;
			hasScannedForEncodings = 0;
			knownRegions = (
				English,
				en,
			);
			mainGroup = 58B511D21A9E6C8500147676;
			productRefGroup = 58B511D21A9E6C8500147676;
			projectDirPath = "";
			projectReferences = (
				{
					ProductGroup = FC71B6C722CAB23A003EA230 /* Products */;
					ProjectRef = FC71B6C622CAB23A003EA230 /* HSCameraUtils.xcodeproj */;
				},
				{
					ProductGroup = FC0E6E3622E03BC700B0C1C7 /* Products */;
					ProjectRef = FC0E6E3522E03BC700B0C1C7 /* RNBlur.xcodeproj */;
				},
			);
			projectRoot = "";
			targets = (
				FC664EDB22CAD96E00FD8AE7 /* HSReactNativeCamera */,
			);
		};
/* End PBXProject section */

/* Begin PBXReferenceProxy section */
		FC0E6E3B22E03BC800B0C1C7 /* libRNBlur.a */ = {
			isa = PBXReferenceProxy;
			fileType = archive.ar;
			path = libRNBlur.a;
			remoteRef = FC0E6E3A22E03BC800B0C1C7 /* PBXContainerItemProxy */;
			sourceTree = BUILT_PRODUCTS_DIR;
		};
		FC0E6E3D22E03BC800B0C1C7 /* libRNBlur.a */ = {
			isa = PBXReferenceProxy;
			fileType = archive.ar;
			path = libRNBlur.a;
			remoteRef = FC0E6E3C22E03BC800B0C1C7 /* PBXContainerItemProxy */;
			sourceTree = BUILT_PRODUCTS_DIR;
		};
		FC71B6CB22CAB23A003EA230 /* libHSCameraUtils.a */ = {
			isa = PBXReferenceProxy;
			fileType = archive.ar;
			path = libHSCameraUtils.a;
			remoteRef = FC71B6CA22CAB23A003EA230 /* PBXContainerItemProxy */;
			sourceTree = BUILT_PRODUCTS_DIR;
		};
/* End PBXReferenceProxy section */

/* Begin PBXSourcesBuildPhase section */
		FC664ED822CAD96E00FD8AE7 /* Sources */ = {
			isa = PBXSourcesBuildPhase;
			buildActionMask = 2147483647;
			files = (
				FCBFAF1122CBF28B00A0AC11 /* createSegmentationMask.swift in Sources */,
				FC552C9B22E937A000775729 /* HSVideoCompositionExportManager.swift in Sources */,
				FC03B64C22DFF1F000E283B3 /* HSVideoCompositionViewManager.m in Sources */,
				FC664EEF22CAD9AA00FD8AE7 /* permissions.swift in Sources */,
				FC904B9022EFDB280010AD4F /* Size+FromDictionary.swift in Sources */,
				FC664EF322CAD9AA00FD8AE7 /* mathUtils.swift in Sources */,
				FCDF906622E6899000AD5F4D /* NSDictionaryConvertible.swift in Sources */,
				FCBFAF0822CBE27300A0AC11 /* Result.swift in Sources */,
				FC6155A322FCA57600BF446D /* HSMetalEffectView.swift in Sources */,
				FC552C9922E9320C00775729 /* fileUtils.swift in Sources */,
				FC664EE722CAD98D00FD8AE7 /* HSCameraManagerDepthDataDelegate.swift in Sources */,
				FCEF518522E8F50400672D6A /* HSExportManagerDelegate.swift in Sources */,
				FC552CA222E939F800775729 /* HSVideoCompositionExportManagerBridgeModule.m in Sources */,
				FCDF906422E6885900AD5F4D /* HSMinMaxInterval.swift in Sources */,
				FC664EED22CAD9A500FD8AE7 /* HSCameraView.swift in Sources */,
				FC904B9222EFDBB20010AD4F /* HSMinMaxInterval+FromDictionary.swift in Sources */,
				FC7EFBEE22FA55AF0002B254 /* HSEffectPreviewMode.swift in Sources */,
				FC2FB8F022CBCEA5007CE0AF /* HSSegmentationModelLoader.swift in Sources */,
				FC03B62D22DFD6C700E283B3 /* HSPortraitMask.swift in Sources */,
				FC552CA022E9390900775729 /* HSVideoCompositionExportManagerDelegate.swift in Sources */,
				FC299672230DE8310006366F /* HSVideoCompositionBridgeView.swift in Sources */,
				FC7EFBE622FA11A10002B254 /* AVCaptureDevicePosition+RCTConvert.m in Sources */,
				FC664EEE22CAD9A500FD8AE7 /* HSCameraViewManager.m in Sources */,
				FC20ADFD22E9130000181579 /* HSExportTask.swift in Sources */,
				FCDE2BD122EB604D0025177E /* HSCameraFormat.swift in Sources */,
				FC664EE522CAD98D00FD8AE7 /* HSCameraManager.swift in Sources */,
				FC664EE622CAD98D00FD8AE7 /* HSCameraManagerDelegate.swift in Sources */,
				FC03B63222DFEA0000E283B3 /* HSVideoCompositionView.swift in Sources */,
				FC664EE822CAD98D00FD8AE7 /* HSCameraSetupResult.swift in Sources */,
				FC664EE322CAD98000FD8AE7 /* HSEffectManager.swift in Sources */,
				FC31DAB422E6279700D1FADD /* HSDepthBlurEffect.swift in Sources */,
				FC82B6AC230F70E700D4AB4F /* resizeUtils.swift in Sources */,
				FC7EFBEC22FA20550002B254 /* HSEffectPreviewView.swift in Sources */,
				FC526E7C22F0B9B700582BB5 /* ToDictionary.swift in Sources */,
				FC82B6A4230DF83000D4AB4F /* HSVideoPlaybackState+RCTConvert.m in Sources */,
				FCF822AA22E9137500474CF8 /* HSVideoCompositionExportTask.swift in Sources */,
				FC6FFB57230B4EAC005FB226 /* HSDebuggable.swift in Sources */,
				FC299674230DEF370006366F /* HSVideoPlaybackState.swift in Sources */,
				FCADFE2922E1521B00E3C76A /* HSVideoCompositor.swift in Sources */,
				FC914B8822E8F3A9001691F7 /* HSExportManager.swift in Sources */,
				FC7EFBF022FA560D0002B254 /* HSEffectPreviewMode+RCTConvert.m in Sources */,
				FCC96F3922FA9E1300CDCEB2 /* HSResizeMode+RCTConvert.m in Sources */,
				FC664EF022CAD9AA00FD8AE7 /* cameraUtils.swift in Sources */,
				FC664EE922CAD99000FD8AE7 /* HSCameraManagerBridgeModule.m in Sources */,
				FC03B63022DFDB0700E283B3 /* HSPortraitMaskFactory.swift in Sources */,
				FCC96F3622FA9DAA00CDCEB2 /* HSResizeMode.swift in Sources */,
				FC29966C230DD9620006366F /* HSVideoCompositionViewPlaybackDelegate.swift in Sources */,
				FC904B8D22EFDB0F0010AD4F /* FromDictionary.swift in Sources */,
				FCBFAF0F22CBF07200A0AC11 /* HSSegmentationModel.swift in Sources */,
				FCA6525822E8F63C0000620C /* HSVideoComposition.swift in Sources */,
				FC7EFBEA22FA203E0002B254 /* HSVideoPreviewView.swift in Sources */,
				FC6FFB54230670D2005FB226 /* HSCameraManagerPlaybackDelegate.swift in Sources */,
			);
			runOnlyForDeploymentPostprocessing = 0;
		};
/* End PBXSourcesBuildPhase section */

/* Begin XCBuildConfiguration section */
		58B511ED1A9E6C8500147676 /* Debug */ = {
			isa = XCBuildConfiguration;
			buildSettings = {
				ALWAYS_EMBED_SWIFT_STANDARD_LIBRARIES = YES;
				ALWAYS_SEARCH_USER_PATHS = NO;
				CLANG_CXX_LANGUAGE_STANDARD = "gnu++0x";
				CLANG_CXX_LIBRARY = "libc++";
				CLANG_ENABLE_MODULES = YES;
				CLANG_ENABLE_OBJC_ARC = YES;
				CLANG_WARN_BOOL_CONVERSION = YES;
				CLANG_WARN_CONSTANT_CONVERSION = YES;
				CLANG_WARN_DIRECT_OBJC_ISA_USAGE = YES_ERROR;
				CLANG_WARN_EMPTY_BODY = YES;
				CLANG_WARN_ENUM_CONVERSION = YES;
				CLANG_WARN_INFINITE_RECURSION = YES;
				CLANG_WARN_INT_CONVERSION = YES;
				CLANG_WARN_OBJC_ROOT_CLASS = YES_ERROR;
				CLANG_WARN_SUSPICIOUS_MOVE = YES;
				CLANG_WARN_UNREACHABLE_CODE = YES;
				CLANG_WARN__DUPLICATE_METHOD_MATCH = YES;
				COPY_PHASE_STRIP = NO;
				ENABLE_STRICT_OBJC_MSGSEND = YES;
				ENABLE_TESTABILITY = YES;
				GCC_C_LANGUAGE_STANDARD = gnu99;
				GCC_DYNAMIC_NO_PIC = NO;
				GCC_NO_COMMON_BLOCKS = YES;
				GCC_OPTIMIZATION_LEVEL = 0;
				GCC_PREPROCESSOR_DEFINITIONS = (
					"DEBUG=1",
					"$(inherited)",
				);
				GCC_SYMBOLS_PRIVATE_EXTERN = NO;
				GCC_WARN_64_TO_32_BIT_CONVERSION = YES;
				GCC_WARN_ABOUT_RETURN_TYPE = YES_ERROR;
				GCC_WARN_UNDECLARED_SELECTOR = YES;
				GCC_WARN_UNINITIALIZED_AUTOS = YES_AGGRESSIVE;
				GCC_WARN_UNUSED_FUNCTION = YES;
				GCC_WARN_UNUSED_VARIABLE = YES;
				IPHONEOS_DEPLOYMENT_TARGET = 11.0;
				MTL_ENABLE_DEBUG_INFO = YES;
				ONLY_ACTIVE_ARCH = YES;
				SDKROOT = iphoneos;
			};
			name = Debug;
		};
		58B511EE1A9E6C8500147676 /* Release */ = {
			isa = XCBuildConfiguration;
			buildSettings = {
				ALWAYS_EMBED_SWIFT_STANDARD_LIBRARIES = YES;
				ALWAYS_SEARCH_USER_PATHS = NO;
				CLANG_CXX_LANGUAGE_STANDARD = "gnu++0x";
				CLANG_CXX_LIBRARY = "libc++";
				CLANG_ENABLE_MODULES = YES;
				CLANG_ENABLE_OBJC_ARC = YES;
				CLANG_WARN_BOOL_CONVERSION = YES;
				CLANG_WARN_CONSTANT_CONVERSION = YES;
				CLANG_WARN_DIRECT_OBJC_ISA_USAGE = YES_ERROR;
				CLANG_WARN_EMPTY_BODY = YES;
				CLANG_WARN_ENUM_CONVERSION = YES;
				CLANG_WARN_INFINITE_RECURSION = YES;
				CLANG_WARN_INT_CONVERSION = YES;
				CLANG_WARN_OBJC_ROOT_CLASS = YES_ERROR;
				CLANG_WARN_SUSPICIOUS_MOVE = YES;
				CLANG_WARN_UNREACHABLE_CODE = YES;
				CLANG_WARN__DUPLICATE_METHOD_MATCH = YES;
				COPY_PHASE_STRIP = YES;
				ENABLE_NS_ASSERTIONS = NO;
				ENABLE_STRICT_OBJC_MSGSEND = YES;
				GCC_C_LANGUAGE_STANDARD = gnu99;
				GCC_NO_COMMON_BLOCKS = YES;
				GCC_WARN_64_TO_32_BIT_CONVERSION = YES;
				GCC_WARN_ABOUT_RETURN_TYPE = YES_ERROR;
				GCC_WARN_UNDECLARED_SELECTOR = YES;
				GCC_WARN_UNINITIALIZED_AUTOS = YES_AGGRESSIVE;
				GCC_WARN_UNUSED_FUNCTION = YES;
				GCC_WARN_UNUSED_VARIABLE = YES;
				IPHONEOS_DEPLOYMENT_TARGET = 11.0;
				MTL_ENABLE_DEBUG_INFO = NO;
				SDKROOT = iphoneos;
				VALIDATE_PRODUCT = YES;
			};
			name = Release;
		};
		FC664EE122CAD96F00FD8AE7 /* Debug */ = {
			isa = XCBuildConfiguration;
			buildSettings = {
				CLANG_ANALYZER_NONNULL = YES;
				CLANG_ANALYZER_NUMBER_OBJECT_CONVERSION = YES_AGGRESSIVE;
				CLANG_CXX_LANGUAGE_STANDARD = "gnu++14";
				CLANG_ENABLE_OBJC_WEAK = YES;
				CLANG_WARN_BLOCK_CAPTURE_AUTORELEASING = YES;
				CLANG_WARN_COMMA = YES;
				CLANG_WARN_DEPRECATED_OBJC_IMPLEMENTATIONS = YES;
				CLANG_WARN_DOCUMENTATION_COMMENTS = YES;
				CLANG_WARN_NON_LITERAL_NULL_CONVERSION = YES;
				CLANG_WARN_OBJC_IMPLICIT_RETAIN_SELF = YES;
				CLANG_WARN_OBJC_LITERAL_CONVERSION = YES;
				CLANG_WARN_RANGE_LOOP_ANALYSIS = YES;
				CLANG_WARN_STRICT_PROTOTYPES = YES;
				CLANG_WARN_UNGUARDED_AVAILABILITY = YES_AGGRESSIVE;
				CODE_SIGN_IDENTITY = "iPhone Developer";
				CODE_SIGN_STYLE = Automatic;
				DEBUG_INFORMATION_FORMAT = dwarf;
				DEVELOPMENT_TEAM = 6DUV3UU8M8;
				FRAMEWORK_SEARCH_PATHS = "$(SRCROOT)/Frameworks/**";
				GCC_C_LANGUAGE_STANDARD = gnu11;
				IPHONEOS_DEPLOYMENT_TARGET = 12.2;
				LIBRARY_SEARCH_PATHS = (
					"$(inherited)",
					"\"$(SRCROOT)/$(TARGET_NAME)\"",
				);
				MTL_ENABLE_DEBUG_INFO = INCLUDE_SOURCE;
				MTL_FAST_MATH = YES;
				OTHER_LDFLAGS = "-ObjC";
				PRODUCT_NAME = "$(TARGET_NAME)";
				SKIP_INSTALL = YES;
				SWIFT_ACTIVE_COMPILATION_CONDITIONS = DEBUG;
				SWIFT_OBJC_BRIDGING_HEADER = "HSReactNativeCamera-Bridging-Header.h";
				SWIFT_OPTIMIZATION_LEVEL = "-Onone";
				SWIFT_VERSION = 5.0;
				TARGETED_DEVICE_FAMILY = "1,2";
			};
			name = Debug;
		};
		FC664EE222CAD96F00FD8AE7 /* Release */ = {
			isa = XCBuildConfiguration;
			buildSettings = {
				CLANG_ANALYZER_NONNULL = YES;
				CLANG_ANALYZER_NUMBER_OBJECT_CONVERSION = YES_AGGRESSIVE;
				CLANG_CXX_LANGUAGE_STANDARD = "gnu++14";
				CLANG_ENABLE_OBJC_WEAK = YES;
				CLANG_WARN_BLOCK_CAPTURE_AUTORELEASING = YES;
				CLANG_WARN_COMMA = YES;
				CLANG_WARN_DEPRECATED_OBJC_IMPLEMENTATIONS = YES;
				CLANG_WARN_DOCUMENTATION_COMMENTS = YES;
				CLANG_WARN_NON_LITERAL_NULL_CONVERSION = YES;
				CLANG_WARN_OBJC_IMPLICIT_RETAIN_SELF = YES;
				CLANG_WARN_OBJC_LITERAL_CONVERSION = YES;
				CLANG_WARN_RANGE_LOOP_ANALYSIS = YES;
				CLANG_WARN_STRICT_PROTOTYPES = YES;
				CLANG_WARN_UNGUARDED_AVAILABILITY = YES_AGGRESSIVE;
				CODE_SIGN_IDENTITY = "iPhone Developer";
				CODE_SIGN_STYLE = Automatic;
				COPY_PHASE_STRIP = NO;
				DEBUG_INFORMATION_FORMAT = "dwarf-with-dsym";
				DEVELOPMENT_TEAM = 6DUV3UU8M8;
				FRAMEWORK_SEARCH_PATHS = "$(SRCROOT)/Frameworks/**";
				GCC_C_LANGUAGE_STANDARD = gnu11;
				IPHONEOS_DEPLOYMENT_TARGET = 12.2;
				LIBRARY_SEARCH_PATHS = (
					"$(inherited)",
					"\"$(SRCROOT)/$(TARGET_NAME)\"",
				);
				MTL_FAST_MATH = YES;
				OTHER_LDFLAGS = "-ObjC";
				PRODUCT_NAME = "$(TARGET_NAME)";
				SKIP_INSTALL = YES;
				SWIFT_OBJC_BRIDGING_HEADER = "HSReactNativeCamera-Bridging-Header.h";
				SWIFT_OPTIMIZATION_LEVEL = "-Owholemodule";
				SWIFT_VERSION = 5.0;
				TARGETED_DEVICE_FAMILY = "1,2";
			};
			name = Release;
		};
/* End XCBuildConfiguration section */

/* Begin XCConfigurationList section */
		58B511D61A9E6C8500147676 /* Build configuration list for PBXProject "HSReactNativeCamera" */ = {
			isa = XCConfigurationList;
			buildConfigurations = (
				58B511ED1A9E6C8500147676 /* Debug */,
				58B511EE1A9E6C8500147676 /* Release */,
			);
			defaultConfigurationIsVisible = 0;
			defaultConfigurationName = Release;
		};
		FC664EE022CAD96F00FD8AE7 /* Build configuration list for PBXNativeTarget "HSReactNativeCamera" */ = {
			isa = XCConfigurationList;
			buildConfigurations = (
				FC664EE122CAD96F00FD8AE7 /* Debug */,
				FC664EE222CAD96F00FD8AE7 /* Release */,
			);
			defaultConfigurationIsVisible = 0;
			defaultConfigurationName = Release;
		};
/* End XCConfigurationList section */
	};
	rootObject = 58B511D31A9E6C8500147676 /* Project object */;
}
